// !$*UTF8*$!
{
	archiveVersion = 1;
	classes = {
	};
	objectVersion = 50;
	objects = {

/* Begin PBXBuildFile section */
		30D43207227936C600BA7584 /* AppDelegate.swift in Sources */ = {isa = PBXBuildFile; fileRef = 30D43206227936C600BA7584 /* AppDelegate.swift */; };
		30D43209227936C600BA7584 /* ViewController.swift in Sources */ = {isa = PBXBuildFile; fileRef = 30D43208227936C600BA7584 /* ViewController.swift */; };
		30D4320C227936C600BA7584 /* Main.storyboard in Resources */ = {isa = PBXBuildFile; fileRef = 30D4320A227936C600BA7584 /* Main.storyboard */; };
		30D4320E227936C800BA7584 /* Assets.xcassets in Resources */ = {isa = PBXBuildFile; fileRef = 30D4320D227936C800BA7584 /* Assets.xcassets */; };
		30D43211227936C800BA7584 /* LaunchScreen.storyboard in Resources */ = {isa = PBXBuildFile; fileRef = 30D4320F227936C800BA7584 /* LaunchScreen.storyboard */; };
		FDF231F38BDB9C57308DDFD2 /* Pods_KolodaViewTutorial.framework in Frameworks */ = {isa = PBXBuildFile; fileRef = 5B3E844C94B720966EDDA726 /* Pods_KolodaViewTutorial.framework */; };
/* End PBXBuildFile section */

/* Begin PBXFileReference section */
		21D6C82DBFDEA19F5E05DB2F /* Pods-KolodaViewTutorial.release.xcconfig */ = {isa = PBXFileReference; includeInIndex = 1; lastKnownFileType = text.xcconfig; name = "Pods-KolodaViewTutorial.release.xcconfig"; path = "Target Support Files/Pods-KolodaViewTutorial/Pods-KolodaViewTutorial.release.xcconfig"; sourceTree = "<group>"; };
		30D43203227936C600BA7584 /* KolodaViewTutorial.app */ = {isa = PBXFileReference; explicitFileType = wrapper.application; includeInIndex = 0; path = KolodaViewTutorial.app; sourceTree = BUILT_PRODUCTS_DIR; };
		30D43206227936C600BA7584 /* AppDelegate.swift */ = {isa = PBXFileReference; lastKnownFileType = sourcecode.swift; path = AppDelegate.swift; sourceTree = "<group>"; };
		30D43208227936C600BA7584 /* ViewController.swift */ = {isa = PBXFileReference; lastKnownFileType = sourcecode.swift; path = ViewController.swift; sourceTree = "<group>"; };
		30D4320B227936C600BA7584 /* Base */ = {isa = PBXFileReference; lastKnownFileType = file.storyboard; name = Base; path = Base.lproj/Main.storyboard; sourceTree = "<group>"; };
		30D4320D227936C800BA7584 /* Assets.xcassets */ = {isa = PBXFileReference; lastKnownFileType = folder.assetcatalog; path = Assets.xcassets; sourceTree = "<group>"; };
		30D43210227936C800BA7584 /* Base */ = {isa = PBXFileReference; lastKnownFileType = file.storyboard; name = Base; path = Base.lproj/LaunchScreen.storyboard; sourceTree = "<group>"; };
		30D43212227936C800BA7584 /* Info.plist */ = {isa = PBXFileReference; lastKnownFileType = text.plist.xml; path = Info.plist; sourceTree = "<group>"; };
		5B3E844C94B720966EDDA726 /* Pods_KolodaViewTutorial.framework */ = {isa = PBXFileReference; explicitFileType = wrapper.framework; includeInIndex = 0; path = Pods_KolodaViewTutorial.framework; sourceTree = BUILT_PRODUCTS_DIR; };
		F37B65B930AF0A6B9FC80807 /* Pods-KolodaViewTutorial.debug.xcconfig */ = {isa = PBXFileReference; includeInIndex = 1; lastKnownFileType = text.xcconfig; name = "Pods-KolodaViewTutorial.debug.xcconfig"; path = "Target Support Files/Pods-KolodaViewTutorial/Pods-KolodaViewTutorial.debug.xcconfig"; sourceTree = "<group>"; };
/* End PBXFileReference section */

/* Begin PBXFrameworksBuildPhase section */
		30D43200227936C600BA7584 /* Frameworks */ = {
			isa = PBXFrameworksBuildPhase;
			buildActionMask = 2147483647;
			files = (
				FDF231F38BDB9C57308DDFD2 /* Pods_KolodaViewTutorial.framework in Frameworks */,
			);
			runOnlyForDeploymentPostprocessing = 0;
		};
/* End PBXFrameworksBuildPhase section */

/* Begin PBXGroup section */
		30D431FA227936C600BA7584 = {
			isa = PBXGroup;
			children = (
				30D43205227936C600BA7584 /* KolodaViewTutorial */,
				30D43204227936C600BA7584 /* Products */,
				66890CF47D9177E3539EE8B2 /* Pods */,
				97B12032C2F96299036B41CC /* Frameworks */,
			);
			sourceTree = "<group>";
		};
		30D43204227936C600BA7584 /* Products */ = {
			isa = PBXGroup;
			children = (
				30D43203227936C600BA7584 /* KolodaViewTutorial.app */,
			);
			name = Products;
			sourceTree = "<group>";
		};
		30D43205227936C600BA7584 /* KolodaViewTutorial */ = {
			isa = PBXGroup;
			children = (
				30D43206227936C600BA7584 /* AppDelegate.swift */,
				30D43208227936C600BA7584 /* ViewController.swift */,
				30D4320A227936C600BA7584 /* Main.storyboard */,
				30D4320D227936C800BA7584 /* Assets.xcassets */,
				30D4320F227936C800BA7584 /* LaunchScreen.storyboard */,
				30D43212227936C800BA7584 /* Info.plist */,
			);
			path = KolodaViewTutorial;
			sourceTree = "<group>";
		};
		66890CF47D9177E3539EE8B2 /* Pods */ = {
			isa = PBXGroup;
			children = (
				F37B65B930AF0A6B9FC80807 /* Pods-KolodaViewTutorial.debug.xcconfig */,
				21D6C82DBFDEA19F5E05DB2F /* Pods-KolodaViewTutorial.release.xcconfig */,
			);
			name = Pods;
			path = Pods;
			sourceTree = "<group>";
		};
		97B12032C2F96299036B41CC /* Frameworks */ = {
			isa = PBXGroup;
			children = (
				5B3E844C94B720966EDDA726 /* Pods_KolodaViewTutorial.framework */,
			);
			name = Frameworks;
			sourceTree = "<group>";
		};
/* End PBXGroup section */

/* Begin PBXNativeTarget section */
		30D43202227936C600BA7584 /* KolodaViewTutorial */ = {
			isa = PBXNativeTarget;
			buildConfigurationList = 30D43215227936C800BA7584 /* Build configuration list for PBXNativeTarget "KolodaViewTutorial" */;
			buildPhases = (
				D9D4E2B3044056884B49FC03 /* [CP] Check Pods Manifest.lock */,
				30D431FF227936C600BA7584 /* Sources */,
				30D43200227936C600BA7584 /* Frameworks */,
				30D43201227936C600BA7584 /* Resources */,
				A6F7FFBDBA4D8E7044FED55B /* [CP] Embed Pods Frameworks */,
			);
			buildRules = (
			);
			dependencies = (
			);
			name = KolodaViewTutorial;
			productName = KolodaViewTutorial;
			productReference = 30D43203227936C600BA7584 /* KolodaViewTutorial.app */;
			productType = "com.apple.product-type.application";
		};
/* End PBXNativeTarget section */

/* Begin PBXProject section */
		30D431FB227936C600BA7584 /* Project object */ = {
			isa = PBXProject;
			attributes = {
				LastSwiftUpdateCheck = 1020;
				LastUpgradeCheck = 1020;
				ORGANIZATIONNAME = iOSTemplates;
				TargetAttributes = {
					30D43202227936C600BA7584 = {
						CreatedOnToolsVersion = 10.2.1;
					};
				};
			};
			buildConfigurationList = 30D431FE227936C600BA7584 /* Build configuration list for PBXProject "KolodaViewTutorial" */;
			compatibilityVersion = "Xcode 9.3";
			developmentRegion = en;
			hasScannedForEncodings = 0;
			knownRegions = (
				en,
				Base,
			);
			mainGroup = 30D431FA227936C600BA7584;
			productRefGroup = 30D43204227936C600BA7584 /* Products */;
			projectDirPath = "";
			projectRoot = "";
			targets = (
				30D43202227936C600BA7584 /* KolodaViewTutorial */,
			);
		};
/* End PBXProject section */

/* Begin PBXResourcesBuildPhase section */
		30D43201227936C600BA7584 /* Resources */ = {
			isa = PBXResourcesBuildPhase;
			buildActionMask = 2147483647;
			files = (
				30D43211227936C800BA7584 /* LaunchScreen.storyboard in Resources */,
				30D4320E227936C800BA7584 /* Assets.xcassets in Resources */,
				30D4320C227936C600BA7584 /* Main.storyboard in Resources */,
			);
			runOnlyForDeploymentPostprocessing = 0;
		};
/* End PBXResourcesBuildPhase section */

/* Begin PBXShellScriptBuildPhase section */
		A6F7FFBDBA4D8E7044FED55B /* [CP] Embed Pods Frameworks */ = {
			isa = PBXShellScriptBuildPhase;
			buildActionMask = 2147483647;
			files = (
			);
			inputFileListPaths = (
			);
			inputPaths = (
				"${PODS_ROOT}/Target Support Files/Pods-KolodaViewTutorial/Pods-KolodaViewTutorial-frameworks.sh",
				"${BUILT_PRODUCTS_DIR}/Koloda/Koloda.framework",
				"${BUILT_PRODUCTS_DIR}/pop/pop.framework",
			);
			name = "[CP] Embed Pods Frameworks";
			outputFileListPaths = (
			);
			outputPaths = (
				"${TARGET_BUILD_DIR}/${FRAMEWORKS_FOLDER_PATH}/Koloda.framework",
				"${TARGET_BUILD_DIR}/${FRAMEWORKS_FOLDER_PATH}/pop.framework",
			);
			runOnlyForDeploymentPostprocessing = 0;
			shellPath = /bin/sh;
			shellScript = "\"${PODS_ROOT}/Target Support Files/Pods-KolodaViewTutorial/Pods-KolodaViewTutorial-frameworks.sh\"\n";
			showEnvVarsInLog = 0;
		};
		D9D4E2B3044056884B49FC03 /* [CP] Check Pods Manifest.lock */ = {
			isa = PBXShellScriptBuildPhase;
			buildActionMask = 2147483647;
			files = (
			);
			inputFileListPaths = (
			);
			inputPaths = (
				"${PODS_PODFILE_DIR_PATH}/Podfile.lock",
				"${PODS_ROOT}/Manifest.lock",
			);
			name = "[CP] Check Pods Manifest.lock";
			outputFileListPaths = (
			);
			outputPaths = (
				"$(DERIVED_FILE_DIR)/Pods-KolodaViewTutorial-checkManifestLockResult.txt",
			);
			runOnlyForDeploymentPostprocessing = 0;
			shellPath = /bin/sh;
			shellScript = "diff \"${PODS_PODFILE_DIR_PATH}/Podfile.lock\" \"${PODS_ROOT}/Manifest.lock\" > /dev/null\nif [ $? != 0 ] ; then\n    # print error to STDERR\n    echo \"error: The sandbox is not in sync with the Podfile.lock. Run 'pod install' or update your CocoaPods installation.\" >&2\n    exit 1\nfi\n# This output is used by Xcode 'outputs' to avoid re-running this script phase.\necho \"SUCCESS\" > \"${SCRIPT_OUTPUT_FILE_0}\"\n";
			showEnvVarsInLog = 0;
		};
/* End PBXShellScriptBuildPhase section */

/* Begin PBXSourcesBuildPhase section */
		30D431FF227936C600BA7584 /* Sources */ = {
			isa = PBXSourcesBuildPhase;
			buildActionMask = 2147483647;
			files = (
				30D43209227936C600BA7584 /* ViewController.swift in Sources */,
				30D43207227936C600BA7584 /* AppDelegate.swift in Sources */,
			);
			runOnlyForDeploymentPostprocessing = 0;
		};
/* End PBXSourcesBuildPhase section */

/* Begin PBXVariantGroup section */
		30D4320A227936C600BA7584 /* Main.storyboard */ = {
			isa = PBXVariantGroup;
			children = (
				30D4320B227936C600BA7584 /* Base */,
			);
			name = Main.storyboard;
			sourceTree = "<group>";
		};
		30D4320F227936C800BA7584 /* LaunchScreen.storyboard */ = {
			isa = PBXVariantGroup;
			children = (
				30D43210227936C800BA7584 /* Base */,
			);
			name = LaunchScreen.storyboard;
			sourceTree = "<group>";
		};
/* End PBXVariantGroup section */

/* Begin XCBuildConfiguration section */
		30D43213227936C800BA7584 /* Debug */ = {
			isa = XCBuildConfiguration;
			buildSettings = {
				ALWAYS_SEARCH_USER_PATHS = NO;
				CLANG_ANALYZER_NONNULL = YES;
				CLANG_ANALYZER_NUMBER_OBJECT_CONVERSION = YES_AGGRESSIVE;
				CLANG_CXX_LANGUAGE_STANDARD = "gnu++14";
				CLANG_CXX_LIBRARY = "libc++";
				CLANG_ENABLE_MODULES = YES;
				CLANG_ENABLE_OBJC_ARC = YES;
				CLANG_ENABLE_OBJC_WEAK = YES;
				CLANG_WARN_BLOCK_CAPTURE_AUTORELEASING = YES;
				CLANG_WARN_BOOL_CONVERSION = YES;
				CLANG_WARN_COMMA = YES;
				CLANG_WARN_CONSTANT_CONVERSION = YES;
				CLANG_WARN_DEPRECATED_OBJC_IMPLEMENTATIONS = YES;
				CLANG_WARN_DIRECT_OBJC_ISA_USAGE = YES_ERROR;
				CLANG_WARN_DOCUMENTATION_COMMENTS = YES;
				CLANG_WARN_EMPTY_BODY = YES;
				CLANG_WARN_ENUM_CONVERSION = YES;
				CLANG_WARN_INFINITE_RECURSION = YES;
				CLANG_WARN_INT_CONVERSION = YES;
				CLANG_WARN_NON_LITERAL_NULL_CONVERSION = YES;
				CLANG_WARN_OBJC_IMPLICIT_RETAIN_SELF = YES;
				CLANG_WARN_OBJC_LITERAL_CONVERSION = YES;
				CLANG_WARN_OBJC_ROOT_CLASS = YES_ERROR;
				CLANG_WARN_RANGE_LOOP_ANALYSIS = YES;
				CLANG_WARN_STRICT_PROTOTYPES = YES;
				CLANG_WARN_SUSPICIOUS_MOVE = YES;
				CLANG_WARN_UNGUARDED_AVAILABILITY = YES_AGGRESSIVE;
				CLANG_WARN_UNREACHABLE_CODE = YES;
				CLANG_WARN__DUPLICATE_METHOD_MATCH = YES;
				CODE_SIGN_IDENTITY = "iPhone Developer";
				COPY_PHASE_STRIP = NO;
				DEBUG_INFORMATION_FORMAT = dwarf;
				ENABLE_STRICT_OBJC_MSGSEND = YES;
				ENABLE_TESTABILITY = YES;
				GCC_C_LANGUAGE_STANDARD = gnu11;
				GCC_DYNAMIC_NO_PIC = NO;
				GCC_NO_COMMON_BLOCKS = YES;
				GCC_OPTIMIZATION_LEVEL = 0;
				GCC_PREPROCESSOR_DEFINITIONS = (
					"DEBUG=1",
					"$(inherited)",
				);
				GCC_WARN_64_TO_32_BIT_CONVERSION = YES;
				GCC_WARN_ABOUT_RETURN_TYPE = YES_ERROR;
				GCC_WARN_UNDECLARED_SELECTOR = YES;
				GCC_WARN_UNINITIALIZED_AUTOS = YES_AGGRESSIVE;
				GCC_WARN_UNUSED_FUNCTION = YES;
				GCC_WARN_UNUSED_VARIABLE = YES;
				IPHONEOS_DEPLOYMENT_TARGET = 12.2;
				MTL_ENABLE_DEBUG_INFO = INCLUDE_SOURCE;
				MTL_FAST_MATH = YES;
				ONLY_ACTIVE_ARCH = YES;
				SDKROOT = iphoneos;
				SWIFT_ACTIVE_COMPILATION_CONDITIONS = DEBUG;
				SWIFT_OPTIMIZATION_LEVEL = "-Onone";
			};
			name = Debug;
		};
		30D43214227936C800BA7584 /* Release */ = {
			isa = XCBuildConfiguration;
			buildSettings = {
				ALWAYS_SEARCH_USER_PATHS = NO;
				CLANG_ANALYZER_NONNULL = YES;
				CLANG_ANALYZER_NUMBER_OBJECT_CONVERSION = YES_AGGRESSIVE;
				CLANG_CXX_LANGUAGE_STANDARD = "gnu++14";
				CLANG_CXX_LIBRARY = "libc++";
				CLANG_ENABLE_MODULES = YES;
				CLANG_ENABLE_OBJC_ARC = YES;
				CLANG_ENABLE_OBJC_WEAK = YES;
				CLANG_WARN_BLOCK_CAPTURE_AUTORELEASING = YES;
				CLANG_WARN_BOOL_CONVERSION = YES;
				CLANG_WARN_COMMA = YES;
				CLANG_WARN_CONSTANT_CONVERSION = YES;
				CLANG_WARN_DEPRECATED_OBJC_IMPLEMENTATIONS = YES;
				CLANG_WARN_DIRECT_OBJC_ISA_USAGE = YES_ERROR;
				CLANG_WARN_DOCUMENTATION_COMMENTS = YES;
				CLANG_WARN_EMPTY_BODY = YES;
				CLANG_WARN_ENUM_CONVERSION = YES;
				CLANG_WARN_INFINITE_RECURSION = YES;
				CLANG_WARN_INT_CONVERSION = YES;
				CLANG_WARN_NON_LITERAL_NULL_CONVERSION = YES;
				CLANG_WARN_OBJC_IMPLICIT_RETAIN_SELF = YES;
				CLANG_WARN_OBJC_LITERAL_CONVERSION = YES;
				CLANG_WARN_OBJC_ROOT_CLASS = YES_ERROR;
				CLANG_WARN_RANGE_LOOP_ANALYSIS = YES;
				CLANG_WARN_STRICT_PROTOTYPES = YES;
				CLANG_WARN_SUSPICIOUS_MOVE = YES;
				CLANG_WARN_UNGUARDED_AVAILABILITY = YES_AGGRESSIVE;
				CLANG_WARN_UNREACHABLE_CODE = YES;
				CLANG_WARN__DUPLICATE_METHOD_MATCH = YES;
				CODE_SIGN_IDENTITY = "iPhone Developer";
				COPY_PHASE_STRIP = NO;
				DEBUG_INFORMATION_FORMAT = "dwarf-with-dsym";
				ENABLE_NS_ASSERTIONS = NO;
				ENABLE_STRICT_OBJC_MSGSEND = YES;
				GCC_C_LANGUAGE_STANDARD = gnu11;
				GCC_NO_COMMON_BLOCKS = YES;
				GCC_WARN_64_TO_32_BIT_CONVERSION = YES;
				GCC_WARN_ABOUT_RETURN_TYPE = YES_ERROR;
				GCC_WARN_UNDECLARED_SELECTOR = YES;
				GCC_WARN_UNINITIALIZED_AUTOS = YES_AGGRESSIVE;
				GCC_WARN_UNUSED_FUNCTION = YES;
				GCC_WARN_UNUSED_VARIABLE = YES;
				IPHONEOS_DEPLOYMENT_TARGET = 12.2;
				MTL_ENABLE_DEBUG_INFO = NO;
				MTL_FAST_MATH = YES;
				SDKROOT = iphoneos;
				SWIFT_COMPILATION_MODE = wholemodule;
				SWIFT_OPTIMIZATION_LEVEL = "-O";
				VALIDATE_PRODUCT = YES;
			};
			name = Release;
		};
		30D43216227936C800BA7584 /* Debug */ = {
			isa = XCBuildConfiguration;
			baseConfigurationReference = F37B65B930AF0A6B9FC80807 /* Pods-KolodaViewTutorial.debug.xcconfig */;
			buildSettings = {
				ASSETCATALOG_COMPILER_APPICON_NAME = AppIcon;
				CODE_SIGN_STYLE = Automatic;
				DEVELOPMENT_TEAM = 9TD674FJYT;
				INFOPLIST_FILE = KolodaViewTutorial/Info.plist;
				LD_RUNPATH_SEARCH_PATHS = (
					"$(inherited)",
					"@executable_path/Frameworks",
				);
				PRODUCT_BUNDLE_IDENTIFIER = iosTemplates.dev.ios.KolodaViewTutorial;
				PRODUCT_NAME = "$(TARGET_NAME)";
				SWIFT_VERSION = 5.0;
				TARGETED_DEVICE_FAMILY = "1,2";
			};
			name = Debug;
		};
		30D43217227936C800BA7584 /* Release */ = {
			isa = XCBuildConfiguration;
			baseConfigurationReference = 21D6C82DBFDEA19F5E05DB2F /* Pods-KolodaViewTutorial.release.xcconfig */;
			buildSettings = {
				ASSETCATALOG_COMPILER_APPICON_NAME = AppIcon;
				CODE_SIGN_STYLE = Automatic;
				DEVELOPMENT_TEAM = 9TD674FJYT;
				INFOPLIST_FILE = KolodaViewTutorial/Info.plist;
				LD_RUNPATH_SEARCH_PATHS = (
					"$(inherited)",
					"@executable_path/Frameworks",
				);
				PRODUCT_BUNDLE_IDENTIFIER = iosTemplates.dev.ios.KolodaViewTutorial;
				PRODUCT_NAME = "$(TARGET_NAME)";
				SWIFT_VERSION = 5.0;
				TARGETED_DEVICE_FAMILY = "1,2";
			};
			name = Release;
		};
/* End XCBuildConfiguration section */

/* Begin XCConfigurationList section */
		30D431FE227936C600BA7584 /* Build configuration list for PBXProject "KolodaViewTutorial" */ = {
			isa = XCConfigurationList;
			buildConfigurations = (
				30D43213227936C800BA7584 /* Debug */,
				30D43214227936C800BA7584 /* Release */,
			);
			defaultConfigurationIsVisible = 0;
			defaultConfigurationName = Release;
		};
		30D43215227936C800BA7584 /* Build configuration list for PBXNativeTarget "KolodaViewTutorial" */ = {
			isa = XCConfigurationList;
			buildConfigurations = (
				30D43216227936C800BA7584 /* Debug */,
				30D43217227936C800BA7584 /* Release */,
			);
			defaultConfigurationIsVisible = 0;
			defaultConfigurationName = Release;
		};
/* End XCConfigurationList section */
	};
	rootObject = 30D431FB227936C600BA7584 /* Project object */;
}
